{
  "version": 4,
  "terraform_version": "0.12.9",
  "serial": 53,
  "lineage": "79b63ff1-f4e6-6d80-1075-d66cc148abdf",
  "outputs": {
    "ip_dev_id": {
      "value": "59360",
      "type": "string"
    },
    "ip_dev_ip": {
      "value": "2a01:4f8:1c0c:800b::/64",
      "type": "string"
    },
    "ip_legacy_dev_id": {
      "value": "95447",
      "type": "string"
    },
    "ip_legacy_dev_ip": {
      "value": "116.203.5.95",
      "type": "string"
    },
    "ip_legacy_prod_id": {
      "value": "59361",
      "type": "string"
    },
    "ip_legacy_prod_ip": {
      "value": "116.203.2.80",
      "type": "string"
    },
    "ip_prod_id": {
      "value": "59362",
      "type": "string"
    },
    "ip_prod_ip": {
      "value": "2a01:4f8:1c0c:8127::/64",
      "type": "string"
    },
    "ssh_key_id1": {
      "value": "506946",
      "type": "string"
    },
    "ssh_key_id2": {
      "value": "526391",
      "type": "string"
    },
    "storage_dev": {
      "value": "2111019",
      "type": "string"
    },
    "storage_prod": {
      "value": "2111018",
      "type": "string"
    }
  },
  "resources": [
    {
      "mode": "managed",
      "type": "hcloud_floating_ip",
      "name": "devv4",
      "provider": "provider.hcloud",
      "instances": [
        {
          "schema_version": 0,
          "attributes": {
            "description": "",
            "home_location": "nbg1",
            "id": "95447",
            "ip_address": "116.203.5.95",
            "ip_network": null,
            "labels": {},
            "server_id": 3346019,
            "type": "ipv4"
          }
        }
      ]
    },
    {
      "mode": "managed",
      "type": "hcloud_floating_ip",
      "name": "devv6",
      "provider": "provider.hcloud",
      "instances": [
        {
          "schema_version": 0,
          "attributes": {
            "description": "",
            "home_location": "nbg1",
            "id": "59360",
            "ip_address": "2a01:4f8:1c0c:800b::",
            "ip_network": "2a01:4f8:1c0c:800b::/64",
            "labels": {},
            "server_id": 3346019,
            "type": "ipv6"
          }
        }
      ]
    },
    {
      "mode": "managed",
      "type": "hcloud_floating_ip",
      "name": "prodv4",
      "provider": "provider.hcloud",
      "instances": [
        {
          "schema_version": 0,
          "attributes": {
            "description": "",
            "home_location": "nbg1",
            "id": "59361",
            "ip_address": "116.203.2.80",
            "ip_network": null,
            "labels": {},
            "server_id": 3346502,
            "type": "ipv4"
          }
        }
      ]
    },
    {
      "mode": "managed",
      "type": "hcloud_floating_ip",
      "name": "prodv6",
      "provider": "provider.hcloud",
      "instances": [
        {
          "schema_version": 0,
          "attributes": {
            "description": "",
            "home_location": "nbg1",
            "id": "59362",
            "ip_address": "2a01:4f8:1c0c:8127::",
            "ip_network": "2a01:4f8:1c0c:8127::/64",
            "labels": {},
            "server_id": 3346502,
            "type": "ipv6"
          }
        }
      ]
    },
    {
      "mode": "managed",
      "type": "hcloud_ssh_key",
      "name": "gidsi_betelgeuse",
      "provider": "provider.hcloud",
      "instances": [
        {
          "schema_version": 0,
          "attributes": {
            "fingerprint": "39:c3:6c:b1:66:ab:d9:d3:a3:eb:15:38:bc:d0:cc:ee",
            "id": "526391",
            "labels": {},
            "name": "gidsi_betelgeuse",
            "public_key": "ssh-rsa AAAAB3NzaC1yc2EAAAADAQABAAACAQC/R05weHRfGrywFon2qy/hJjxFoMLIlL5keOLyPbXrJsdf+GKcrOFu8QWXeCc2OejFI1snK4EddCHrZGmVnZgGlATDyRN+T3KD7ZJv15zssY+6wxR1HoaSIeRpR59RL0uDryWpON+IwAKCTSllAa/OtwVKLphg32yvLDXreXFJt5SIMjLFlZGCghMlQgrrpa/MGREclOxxevnbb1sBul1qhOcGAdoXHebTm42sV1/uzzrMMyS+enG0/rvCmco//7fUP5gRLjzdmm4z7QOVle1+m7m/pUdejm6cMw0b38CKoGvA6ycLziTnTeTn/UA0xKMHlJWrrC3aW5a/17HkTTZ4ywCHBXlLSgCr+RCbEkSh3GPBILlB90AcUpPrQhP+jcvsS4HsQMdsUGM00phQygTcUiSSdcBIMgvdk4ztbZ+XyhqshGisM8byUD6ppMR1G87uWaX7ZwNwD7DpgLxYLTXypKv66mzZQb4jj9LlpHta61Ir2sUDlM0iZgaZsYrhmlmKtrIng5YgrD/3rsTAY9mB7c5Cln11JKRVpXGKwu+2H1wzmvSgVIsmFbHoS+99z2f5KJGWNa8bupZpjexTbD2aElBuablCkSTFnc9tcXsC1HtUTHbi/diWZkf5R7pdB5Njvc4KnqWFxyeHOeipCw1SL3qOXYEiUqTTDzB9+SfBJw== gidsi@betelgeuse"
          }
        }
      ]
    },
    {
      "mode": "managed",
      "type": "hcloud_ssh_key",
      "name": "gidsi_scraps",
      "provider": "provider.hcloud",
      "instances": [
        {
          "schema_version": 0,
          "attributes": {
            "fingerprint": "21:37:98:63:c0:e4:f5:41:89:b4:fe:90:fd:36:61:b2",
            "id": "506946",
            "labels": {},
            "name": "gidsi_scraps",
            "public_key": "ssh-rsa AAAAB3NzaC1yc2EAAAADAQABAAACAQCy4zgAPO3ZP6Jlkbo3gXJ1WdzxMuNPGJPidrie1/9njpp7llSOEa2SKaY3a44CAOdliH99bTQ8X9FilidEjbELen/HPeLvb00jnhoQqS7vWcwun1LMJ7RUtX5Mrewl83HQGOKf5KnT2PybQvix0zyzyAfIgQfx1mCl0/MzY7PIXeHZCcUwbQFGQnNg8FQK7URT4qVaNvY9mgfFhoPMqnG95+nRm8se8kTzcVKPaDYZG6CwG00lk1Klmn4bgZ+4JtuJ/uYU1puTIJBI+N4JoKOrw9MQZROzf4ERKb5G6bWrTZ0aPPjzL1du9uOtr/FBZZdW0Mtlrlr5s64FjI2P0tAvruVwNIk7rCQsp7RCg/M2fsSaL3Z7oKbGaY/UlcLCq8vsJyUvxYlgueDn6d15y5gxHJnnwqUF4NOhYA1O9/RCQKX/ADZsh3lTHjeXhIkvSU1YuIJEHn9TMfL5nnw+KRXTsuePLuWHOvYhij4w6IRMXGpth8xxH8Q1qGUWjRzhZtDdj37aGijBc42c7LfXbJg4RX1ya/UMRmxTCSKUOhnvbLwTLQpbCQ08iUBAy7RibTUp3nkRk+HsHmvy/I4o3Fb32MAC2LU6yRhqlAzUx8I/iSCbTBQ7NwadBmCmXJYvuh7gq0iR6au1R0kUYTQgasW0Z2VUzvImAvUaFaDWTfd8vQ== gidsi@scraps"
          }
        }
      ]
    },
    {
      "mode": "managed",
      "type": "hcloud_volume",
      "name": "dev",
      "provider": "provider.hcloud",
      "instances": [
        {
          "schema_version": 0,
          "attributes": {
            "automount": null,
            "format": null,
            "id": "2111019",
            "labels": {},
            "linux_device": "/dev/disk/by-id/scsi-0HC_Volume_2111019",
            "location": "nbg1",
            "name": "dev",
            "server_id": 3346019,
            "size": 10
          }
        }
      ]
    },
    {
      "mode": "managed",
      "type": "hcloud_volume",
      "name": "prod",
      "provider": "provider.hcloud",
      "instances": [
        {
          "schema_version": 0,
          "attributes": {
            "automount": null,
            "format": null,
            "id": "2111018",
            "labels": {},
            "linux_device": "/dev/disk/by-id/scsi-0HC_Volume_2111018",
            "location": "nbg1",
            "name": "prod",
            "server_id": 3346502,
            "size": 50
          }
        }
      ]
    }
  ]
}
