{
  "version": 4,
  "terraform_version": "0.14.6",
  "serial": 597,
  "lineage": "8ee0545c-ae97-4b13-5819-5ffd9854b205",
  "outputs": {},
  "resources": [
    {
      "mode": "managed",
      "type": "hcloud_rdns",
      "name": "node1_v4",
      "provider": "provider[\"registry.terraform.io/hetznercloud/hcloud\"]",
      "instances": [
        {
          "schema_version": 0,
          "attributes": {
            "dns_ptr": "node1.spaceapi.rocks",
            "floating_ip_id": null,
            "id": "s-10170906-159.69.45.232",
            "ip_address": "159.69.45.232",
            "server_id": 10170906
          },
          "sensitive_attributes": [],
          "private": "bnVsbA==",
          "dependencies": [
            "hcloud_server.node1"
          ]
        }
      ]
    },
    {
      "mode": "managed",
      "type": "hcloud_rdns",
      "name": "node1_v6",
      "provider": "provider[\"registry.terraform.io/hetznercloud/hcloud\"]",
      "instances": [
        {
          "schema_version": 0,
          "attributes": {
            "dns_ptr": "node1.spaceapi.rocks",
            "floating_ip_id": null,
            "id": "s-10170906-2a01:4f8:1c0c:76a3::1",
            "ip_address": "2a01:4f8:1c0c:76a3::1",
            "server_id": 10170906
          },
          "sensitive_attributes": [],
          "private": "bnVsbA==",
          "dependencies": [
            "hcloud_server.node1"
          ]
        }
      ]
    },
    {
      "mode": "managed",
      "type": "hcloud_server",
      "name": "node1",
      "provider": "provider[\"registry.terraform.io/hetznercloud/hcloud\"]",
      "instances": [
        {
          "schema_version": 0,
          "attributes": {
            "backup_window": "",
            "backups": false,
            "datacenter": "nbg1-dc3",
            "id": "10170906",
            "image": "debian-10",
            "ipv4_address": "159.69.45.232",
            "ipv6_address": "2a01:4f8:1c0c:76a3::1",
            "ipv6_network": "2a01:4f8:1c0c:76a3::/64",
            "iso": null,
            "keep_disk": false,
            "labels": null,
            "location": "nbg1",
            "name": "node1.spaceapi.rocks",
            "network": [],
            "rescue": null,
            "server_type": "cx11",
            "ssh_keys": [
              "506946",
              "526391"
            ],
            "status": "running",
            "user_data": null
          },
          "sensitive_attributes": [],
          "private": "bnVsbA=="
        }
      ]
    },
    {
      "mode": "managed",
      "type": "hcloud_volume_attachment",
      "name": "main",
      "provider": "provider[\"registry.terraform.io/hetznercloud/hcloud\"]",
      "instances": [
        {
          "schema_version": 0,
          "attributes": {
            "automount": null,
            "id": "2111019",
            "server_id": 10170906,
            "volume_id": 2111019
          },
          "sensitive_attributes": [],
          "private": "bnVsbA==",
          "dependencies": [
            "hcloud_server.node1"
          ]
        }
      ]
    },
    {
      "mode": "managed",
      "type": "njalla_domain_record",
      "name": "node1_v4",
      "provider": "provider[\"registry.terraform.io/gidsi/njalla\"]",
      "instances": [
        {
          "schema_version": 0,
          "attributes": {
            "content": "159.69.45.232",
            "domain": "spaceapi.rocks",
            "id": "428756",
            "name": "node1",
            "ttl": 60,
            "type": "A"
          },
          "sensitive_attributes": [],
          "private": "bnVsbA==",
          "dependencies": [
            "hcloud_server.node1"
          ]
        }
      ]
    },
    {
      "mode": "managed",
      "type": "njalla_domain_record",
      "name": "node1_v6",
      "provider": "provider[\"registry.terraform.io/gidsi/njalla\"]",
      "instances": [
        {
          "schema_version": 0,
          "attributes": {
            "content": "2a01:4f8:1c0c:76a3::1",
            "domain": "spaceapi.rocks",
            "id": "428757",
            "name": "node1",
            "ttl": 60,
            "type": "AAAA"
          },
          "sensitive_attributes": [],
          "private": "bnVsbA==",
          "dependencies": [
            "hcloud_server.node1"
          ]
        }
      ]
    }
  ]
}
