{
  "version": 4,
  "terraform_version": "0.12.24",
  "serial": 363,
  "lineage": "8ee0545c-ae97-4b13-5819-5ffd9854b205",
  "outputs": {},
  "resources": [
    {
      "mode": "managed",
      "type": "hcloud_rdns",
      "name": "node1_v4",
      "provider": "provider.hcloud",
      "instances": [
        {
          "schema_version": 0,
          "attributes": {
            "dns_ptr": "node1.spaceapi.rocks",
            "floating_ip_id": null,
            "id": "s-5573951-116.203.241.124",
            "ip_address": "116.203.241.124",
            "server_id": 5573951
          },
          "private": "bnVsbA==",
          "dependencies": [
            "hcloud_server.node1"
          ]
        }
      ]
    },
    {
      "mode": "managed",
      "type": "hcloud_rdns",
      "name": "node1_v6",
      "provider": "provider.hcloud",
      "instances": [
        {
          "schema_version": 0,
          "attributes": {
            "dns_ptr": "node1.spaceapi.rocks",
            "floating_ip_id": null,
            "id": "s-5573951-2a01:4f8:c0c:de13::1",
            "ip_address": "2a01:4f8:c0c:de13::1",
            "server_id": 5573951
          },
          "private": "bnVsbA==",
          "dependencies": [
            "hcloud_server.node1"
          ]
        }
      ]
    },
    {
      "mode": "managed",
      "type": "hcloud_server",
      "name": "node1",
      "provider": "provider.hcloud",
      "instances": [
        {
          "schema_version": 0,
          "attributes": {
            "backup_window": "",
            "backups": false,
            "datacenter": "nbg1-dc3",
            "id": "5573951",
            "image": "debian-10",
            "ipv4_address": "116.203.241.124",
            "ipv6_address": "2a01:4f8:c0c:de13::1",
            "ipv6_network": "2a01:4f8:c0c:de13::/64",
            "iso": null,
            "keep_disk": false,
            "labels": {},
            "location": "nbg1",
            "name": "node1.spaceapi.rocks",
            "rescue": null,
            "server_type": "cx11",
            "ssh_keys": [
              "506946",
              "526391"
            ],
            "status": "running",
            "user_data": null
          },
          "private": "bnVsbA=="
        }
      ]
    },
    {
      "mode": "managed",
      "type": "hcloud_volume_attachment",
      "name": "main",
      "provider": "provider.hcloud",
      "instances": [
        {
          "schema_version": 0,
          "attributes": {
            "automount": null,
            "id": "2111019",
            "server_id": 5573951,
            "volume_id": 2111019
          },
          "private": "bnVsbA==",
          "dependencies": [
            "hcloud_server.node1"
          ]
        }
      ]
    },
    {
      "mode": "managed",
      "type": "njalla_domain_record",
      "name": "node1_v4",
      "provider": "provider.njalla",
      "instances": [
        {
          "schema_version": 0,
          "attributes": {
            "content": "116.203.241.124",
            "domain": "spaceapi.rocks",
            "id": "133177",
            "name": "node1",
            "ttl": 60,
            "type": "A"
          },
          "private": "bnVsbA==",
          "dependencies": [
            "hcloud_server.node1"
          ]
        }
      ]
    },
    {
      "mode": "managed",
      "type": "njalla_domain_record",
      "name": "node1_v6",
      "provider": "provider.njalla",
      "instances": [
        {
          "schema_version": 0,
          "attributes": {
            "content": "2a01:4f8:c0c:de13::1",
            "domain": "spaceapi.rocks",
            "id": "133178",
            "name": "node1",
            "ttl": 60,
            "type": "AAAA"
          },
          "private": "bnVsbA==",
          "dependencies": [
            "hcloud_server.node1"
          ]
        }
      ]
    }
  ]
}
