{
  "version": 4,
  "terraform_version": "1.4.6",
  "serial": 8,
  "lineage": "d13e9406-0f7a-f980-5fd9-94337e0334e2",
  "outputs": {},
  "resources": [
    {
      "mode": "managed",
      "type": "hcloud_rdns",
      "name": "node1_v4",
      "provider": "provider[\"registry.terraform.io/hetznercloud/hcloud\"]",
      "instances": [
        {
          "schema_version": 0,
          "attributes": {
            "dns_ptr": "node1.spaceapi.rocks",
            "floating_ip_id": null,
            "id": "s-31947695-94.130.171.41",
            "ip_address": "94.130.171.41",
            "load_balancer_id": null,
            "server_id": 31947695
          },
          "sensitive_attributes": [],
          "private": "bnVsbA==",
          "dependencies": [
            "hcloud_server.node1"
          ]
        }
      ]
    },
    {
      "mode": "managed",
      "type": "hcloud_rdns",
      "name": "node1_v6",
      "provider": "provider[\"registry.terraform.io/hetznercloud/hcloud\"]",
      "instances": [
        {
          "schema_version": 0,
          "attributes": {
            "dns_ptr": "node1.spaceapi.rocks",
            "floating_ip_id": null,
            "id": "s-31947695-2a01:4f8:1c1b:b0c2::1",
            "ip_address": "2a01:4f8:1c1b:b0c2::1",
            "load_balancer_id": null,
            "server_id": 31947695
          },
          "sensitive_attributes": [],
          "private": "bnVsbA==",
          "dependencies": [
            "hcloud_server.node1"
          ]
        }
      ]
    },
    {
      "mode": "managed",
      "type": "hcloud_server",
      "name": "node1",
      "provider": "provider[\"registry.terraform.io/hetznercloud/hcloud\"]",
      "instances": [
        {
          "schema_version": 0,
          "attributes": {
            "allow_deprecated_images": false,
            "backup_window": "",
            "backups": false,
            "datacenter": "nbg1-dc3",
            "delete_protection": false,
            "firewall_ids": [],
            "id": "31947695",
            "ignore_remote_firewall_ids": false,
            "image": "debian-11",
            "ipv4_address": "94.130.171.41",
            "ipv6_address": "2a01:4f8:1c1b:b0c2::1",
            "ipv6_network": "2a01:4f8:1c1b:b0c2::/64",
            "iso": null,
            "keep_disk": false,
            "labels": null,
            "location": "nbg1",
            "name": "node1.spaceapi.rocks",
            "network": [],
            "placement_group_id": null,
            "public_net": [],
            "rebuild_protection": false,
            "rescue": null,
            "server_type": "cx11",
            "ssh_keys": [
              "506946",
              "526391",
              "10996418"
            ],
            "status": "running",
            "timeouts": null,
            "user_data": null
          },
          "sensitive_attributes": [],
          "private": "eyJlMmJmYjczMC1lY2FhLTExZTYtOGY4OC0zNDM2M2JjN2M0YzAiOnsiY3JlYXRlIjo1NDAwMDAwMDAwMDAwfX0="
        }
      ]
    },
    {
      "mode": "managed",
      "type": "hcloud_volume_attachment",
      "name": "main",
      "provider": "provider[\"registry.terraform.io/hetznercloud/hcloud\"]",
      "instances": [
        {
          "schema_version": 0,
          "attributes": {
            "automount": null,
            "id": "2111019",
            "server_id": 31947695,
            "volume_id": 2111019
          },
          "sensitive_attributes": [],
          "private": "bnVsbA==",
          "dependencies": [
            "hcloud_server.node1"
          ]
        }
      ]
    },
    {
      "mode": "managed",
      "type": "local_file",
      "name": "hosts_cfg",
      "provider": "provider[\"registry.terraform.io/hashicorp/local\"]",
      "instances": [
        {
          "schema_version": 0,
          "attributes": {
            "content": "all:\n  children:\n    node1:\n      hosts:\n        node1.spaceapi.rocks:\n          ansible_host: \"94.130.171.41\"\n",
            "content_base64": null,
            "content_base64sha256": "8g8aNPhYlnDvo/RqbO6Xy9fwlfXGl7xs24tCjH7p1EU=",
            "content_base64sha512": "X+9YughKjK07XQTc/2QZU2DeDHebQkZ8rrFT0lCq0GAufKsHUEUuyU1bjF/Z6km2LOc+qPGqtv9o0qHqJjqkOw==",
            "content_md5": "8c027aef81c83cc2c44714c5923e19ea",
            "content_sha1": "3e9cb8ef8a059a71970a6fb4e3672826acb83ed6",
            "content_sha256": "f20f1a34f8589670efa3f46a6cee97cbd7f095f5c697bc6cdb8b428c7ee9d445",
            "content_sha512": "5fef58ba084a8cad3b5d04dcff64195360de0c779b42467caeb153d250aad0602e7cab0750452ec94d5b8c5fd9ea49b62ce73ea8f1aab6ff68d2a1ea263aa43b",
            "directory_permission": "0777",
            "file_permission": "0777",
            "filename": "../deployment/inventory_dev.yaml",
            "id": "3e9cb8ef8a059a71970a6fb4e3672826acb83ed6",
            "sensitive_content": null,
            "source": null
          },
          "sensitive_attributes": [],
          "dependencies": [
            "hcloud_server.node1"
          ]
        }
      ]
    },
    {
      "mode": "managed",
      "type": "njalla_record_a",
      "name": "node1_v4",
      "provider": "provider[\"registry.terraform.io/sighery/njalla\"]",
      "instances": [
        {
          "schema_version": 0,
          "attributes": {
            "content": "94.130.171.41",
            "domain": "spaceapi.rocks",
            "id": "947374",
            "name": "node1",
            "ttl": 60
          },
          "sensitive_attributes": [],
          "private": "bnVsbA==",
          "dependencies": [
            "hcloud_server.node1"
          ]
        }
      ]
    },
    {
      "mode": "managed",
      "type": "njalla_record_aaaa",
      "name": "node1_v6",
      "provider": "provider[\"registry.terraform.io/sighery/njalla\"]",
      "instances": [
        {
          "schema_version": 0,
          "attributes": {
            "content": "2a01:4f8:1c1b:b0c2::1",
            "domain": "spaceapi.rocks",
            "id": "947373",
            "name": "node1",
            "ttl": 60
          },
          "sensitive_attributes": [],
          "private": "bnVsbA==",
          "dependencies": [
            "hcloud_server.node1"
          ]
        }
      ]
    }
  ],
  "check_results": null
}
