{
  "version": 4,
  "terraform_version": "0.12.10",
  "serial": 274,
  "lineage": "8ee0545c-ae97-4b13-5819-5ffd9854b205",
  "outputs": {},
  "resources": [
    {
      "mode": "managed",
      "type": "hcloud_floating_ip_assignment",
      "name": "node1_v4",
      "provider": "provider.hcloud",
      "instances": [
        {
          "schema_version": 0,
          "attributes": {
            "floating_ip_id": 95447,
            "id": "95447",
            "server_id": 3495835
          },
          "depends_on": [
            "hcloud_server.node1"
          ]
        }
      ]
    },
    {
      "mode": "managed",
      "type": "hcloud_floating_ip_assignment",
      "name": "node1_v6",
      "provider": "provider.hcloud",
      "instances": [
        {
          "schema_version": 0,
          "attributes": {
            "floating_ip_id": 59360,
            "id": "59360",
            "server_id": 3495835
          },
          "depends_on": [
            "hcloud_server.node1"
          ]
        }
      ]
    },
    {
      "mode": "managed",
      "type": "hcloud_server",
      "name": "node1",
      "provider": "provider.hcloud",
      "instances": [
        {
          "schema_version": 0,
          "attributes": {
            "backup_window": "",
            "backups": false,
            "datacenter": "nbg1-dc3",
            "id": "3495835",
            "image": "debian-10",
            "ipv4_address": "78.46.239.174",
            "ipv6_address": "2a01:4f8:c2c:5aa7::",
            "ipv6_network": "2a01:4f8:c2c:5aa7::/64",
            "iso": null,
            "keep_disk": false,
            "labels": null,
            "location": "nbg1",
            "name": "node1.spaceapi.rocks",
            "rescue": null,
            "server_type": "cx11",
            "ssh_keys": [
              "506946",
              "526391"
            ],
            "status": "running",
            "user_data": null
          }
        }
      ]
    },
    {
      "mode": "managed",
      "type": "hcloud_volume_attachment",
      "name": "main",
      "provider": "provider.hcloud",
      "instances": [
        {
          "schema_version": 0,
          "attributes": {
            "automount": null,
            "id": "2111019",
            "server_id": 3495835,
            "volume_id": 2111019
          },
          "depends_on": [
            "hcloud_server.node1"
          ]
        }
      ]
    }
  ]
}
