{
  "version": 4,
  "terraform_version": "1.12.1",
  "serial": 68,
  "lineage": "e9838004-792b-66fc-5b55-f52b2782e470",
  "outputs": {},
  "resources": [
    {
      "mode": "managed",
      "type": "hcloud_rdns",
      "name": "node1_v4",
      "provider": "provider[\"registry.opentofu.org/hetznercloud/hcloud\"]",
      "instances": [
        {
          "schema_version": 0,
          "attributes": {
            "dns_ptr": "node1.spaceapi.io",
            "floating_ip_id": null,
            "id": "s-146336542-88.198.174.43",
            "ip_address": "88.198.174.43",
            "load_balancer_id": null,
            "primary_ip_id": null,
            "server_id": 146336542
          },
          "sensitive_attributes": [],
          "dependencies": [
            "hcloud_server.node1"
          ]
        }
      ]
    },
    {
      "mode": "managed",
      "type": "hcloud_rdns",
      "name": "node1_v6",
      "provider": "provider[\"registry.opentofu.org/hetznercloud/hcloud\"]",
      "instances": [
        {
          "schema_version": 0,
          "attributes": {
            "dns_ptr": "node1.spaceapi.io",
            "floating_ip_id": null,
            "id": "s-146336542-2a01:4f8:1c1a:8b59::1",
            "ip_address": "2a01:4f8:1c1a:8b59::1",
            "load_balancer_id": null,
            "primary_ip_id": null,
            "server_id": 146336542
          },
          "sensitive_attributes": [],
          "dependencies": [
            "hcloud_server.node1"
          ]
        }
      ]
    },
    {
      "mode": "managed",
      "type": "hcloud_server",
      "name": "node1",
      "provider": "provider[\"registry.opentofu.org/hetznercloud/hcloud\"]",
      "instances": [
        {
          "schema_version": 0,
          "attributes": {
            "allow_deprecated_images": null,
            "backup_window": "",
            "backups": false,
            "datacenter": "nbg1-dc3",
            "delete_protection": false,
            "firewall_ids": [],
            "id": "146336542",
            "ignore_remote_firewall_ids": false,
            "image": "debian-13",
            "ipv4_address": "88.198.174.43",
            "ipv6_address": "2a01:4f8:1c1a:8b59::1",
            "ipv6_network": "2a01:4f8:1c1a:8b59::/64",
            "iso": null,
            "keep_disk": false,
            "labels": null,
            "location": "nbg1",
            "name": "node1.spaceapi.io",
            "network": [],
            "placement_group_id": 0,
            "primary_disk_size": 40,
            "public_net": [],
            "rebuild_protection": false,
            "rescue": null,
            "server_type": "cx23",
            "shutdown_before_deletion": false,
            "ssh_keys": [
              "114437897",
              "114437945",
              "114437957",
              "114437964",
              "114437980",
              "114438003"
            ],
            "status": "running",
            "timeouts": null,
            "user_data": null
          },
          "sensitive_attributes": [],
          "private": "eyJlMmJmYjczMC1lY2FhLTExZTYtOGY4OC0zNDM2M2JjN2M0YzAiOnsiY3JlYXRlIjo1NDAwMDAwMDAwMDAwfX0="
        }
      ]
    },
    {
      "mode": "managed",
      "type": "hcloud_volume_attachment",
      "name": "main",
      "provider": "provider[\"registry.opentofu.org/hetznercloud/hcloud\"]",
      "instances": [
        {
          "schema_version": 0,
          "attributes": {
            "automount": null,
            "id": "106181580",
            "server_id": 146336542,
            "volume_id": 106181580
          },
          "sensitive_attributes": [],
          "private": "bnVsbA==",
          "dependencies": [
            "hcloud_server.node1"
          ]
        }
      ]
    },
    {
      "mode": "managed",
      "type": "local_file",
      "name": "hosts_cfg",
      "provider": "provider[\"registry.opentofu.org/hashicorp/local\"]",
      "instances": [
        {
          "schema_version": 0,
          "attributes": {
            "content": "all:\n  children:\n    node1:\n      hosts:\n        node1.spaceapi.io:\n          ansible_host: \"88.198.174.43\"\n",
            "content_base64": null,
            "content_base64sha256": "SnGzNS67UYkU62ifUS6L5nmAAGbhQQWFGNppWATjuZQ=",
            "content_base64sha512": "QXQk3J9LfWD8rBr5ZKh//Fkd6zIR364YKsUMncugx6h26niDprpMc4E6VFirN2S61dFjJLbd814hYxIAqjKpjw==",
            "content_md5": "6bb1f9ecd2fe013484f8b1bc2d6cb890",
            "content_sha1": "d97c3833666a212ace299915686c90ff1f3bb473",
            "content_sha256": "4a71b3352ebb518914eb689f512e8be679800066e141058518da695804e3b994",
            "content_sha512": "417424dc9f4b7d60fcac1af964a87ffc591deb3211dfae182ac50c9dcba0c7a876ea7883a6ba4c73813a5458ab3764bad5d16324b6ddf35e21631200aa32a98f",
            "directory_permission": "0777",
            "file_permission": "0777",
            "filename": "../deployment/inventory_prod.yaml",
            "id": "d97c3833666a212ace299915686c90ff1f3bb473",
            "sensitive_content": null,
            "source": null
          },
          "sensitive_attributes": [
            [
              {
                "type": "get_attr",
                "value": "sensitive_content"
              }
            ]
          ],
          "dependencies": [
            "hcloud_server.node1"
          ]
        }
      ]
    },
    {
      "mode": "managed",
      "type": "njalla_record_a",
      "name": "node1_v4",
      "provider": "provider[\"registry.opentofu.org/sighery/njalla\"]",
      "instances": [
        {
          "schema_version": 0,
          "attributes": {
            "content": "88.198.174.43",
            "domain": "spaceapi.io",
            "id": "947653",
            "name": "node1",
            "ttl": 60
          },
          "sensitive_attributes": [],
          "private": "bnVsbA==",
          "dependencies": [
            "hcloud_server.node1"
          ]
        }
      ]
    },
    {
      "mode": "managed",
      "type": "njalla_record_aaaa",
      "name": "node1_v6",
      "provider": "provider[\"registry.opentofu.org/sighery/njalla\"]",
      "instances": [
        {
          "schema_version": 0,
          "attributes": {
            "content": "2a01:4f8:1c1a:8b59::1",
            "domain": "spaceapi.io",
            "id": "947654",
            "name": "node1",
            "ttl": 60
          },
          "sensitive_attributes": [],
          "private": "bnVsbA==",
          "dependencies": [
            "hcloud_server.node1"
          ]
        }
      ]
    }
  ],
  "check_results": null
}

